// !$*UTF8*$!
{
	archiveVersion = 1;
	classes = {
	};
	objectVersion = 51;
	objects = {

/* Begin PBXBuildFile section */
		EE93BE4424EB731E007445FA /* AppDelegate.swift in Sources */ = {isa = PBXBuildFile; fileRef = EE93BE4324EB731E007445FA /* AppDelegate.swift */; };
		EE93BE4624EB731E007445FA /* SceneDelegate.swift in Sources */ = {isa = PBXBuildFile; fileRef = EE93BE4524EB731E007445FA /* SceneDelegate.swift */; };
		EE93BE4824EB731E007445FA /* ViewController.swift in Sources */ = {isa = PBXBuildFile; fileRef = EE93BE4724EB731E007445FA /* ViewController.swift */; };
		EE93BE4B24EB731E007445FA /* Main.storyboard in Resources */ = {isa = PBXBuildFile; fileRef = EE93BE4924EB731E007445FA /* Main.storyboard */; };
		EE93BE4D24EB7321007445FA /* Assets.xcassets in Resources */ = {isa = PBXBuildFile; fileRef = EE93BE4C24EB7321007445FA /* Assets.xcassets */; };
		EE93BE5024EB7321007445FA /* LaunchScreen.storyboard in Resources */ = {isa = PBXBuildFile; fileRef = EE93BE4E24EB7321007445FA /* LaunchScreen.storyboard */; };
		EED3B0F524EC822C0065C9D1 /* GoogleService-Info.plist in Resources */ = {isa = PBXBuildFile; fileRef = EED3B0F424EC822C0065C9D1 /* GoogleService-Info.plist */; };
		F0223D106D998726A2C985FB /* Pods_HuzzahPay_Merchant.framework in Frameworks */ = {isa = PBXBuildFile; fileRef = 51F4846116C83B0E759D7933 /* Pods_HuzzahPay_Merchant.framework */; };
/* End PBXBuildFile section */

/* Begin PBXFileReference section */
		094EC045D678EB18E14A534C /* Pods-HuzzahPay Merchant.release.xcconfig */ = {isa = PBXFileReference; includeInIndex = 1; lastKnownFileType = text.xcconfig; name = "Pods-HuzzahPay Merchant.release.xcconfig"; path = "Target Support Files/Pods-HuzzahPay Merchant/Pods-HuzzahPay Merchant.release.xcconfig"; sourceTree = "<group>"; };
		51F4846116C83B0E759D7933 /* Pods_HuzzahPay_Merchant.framework */ = {isa = PBXFileReference; explicitFileType = wrapper.framework; includeInIndex = 0; path = Pods_HuzzahPay_Merchant.framework; sourceTree = BUILT_PRODUCTS_DIR; };
		705248F5FC3A73893B610CF2 /* Pods-HuzzahPay Merchant.debug.xcconfig */ = {isa = PBXFileReference; includeInIndex = 1; lastKnownFileType = text.xcconfig; name = "Pods-HuzzahPay Merchant.debug.xcconfig"; path = "Target Support Files/Pods-HuzzahPay Merchant/Pods-HuzzahPay Merchant.debug.xcconfig"; sourceTree = "<group>"; };
		EE93BE4024EB731E007445FA /* HuzzahPay Merchant.app */ = {isa = PBXFileReference; explicitFileType = wrapper.application; includeInIndex = 0; path = "HuzzahPay Merchant.app"; sourceTree = BUILT_PRODUCTS_DIR; };
		EE93BE4324EB731E007445FA /* AppDelegate.swift */ = {isa = PBXFileReference; lastKnownFileType = sourcecode.swift; path = AppDelegate.swift; sourceTree = "<group>"; };
		EE93BE4524EB731E007445FA /* SceneDelegate.swift */ = {isa = PBXFileReference; lastKnownFileType = sourcecode.swift; path = SceneDelegate.swift; sourceTree = "<group>"; };
		EE93BE4724EB731E007445FA /* ViewController.swift */ = {isa = PBXFileReference; lastKnownFileType = sourcecode.swift; path = ViewController.swift; sourceTree = "<group>"; };
		EE93BE4A24EB731E007445FA /* Base */ = {isa = PBXFileReference; lastKnownFileType = file.storyboard; name = Base; path = Base.lproj/Main.storyboard; sourceTree = "<group>"; };
		EE93BE4C24EB7321007445FA /* Assets.xcassets */ = {isa = PBXFileReference; lastKnownFileType = folder.assetcatalog; path = Assets.xcassets; sourceTree = "<group>"; };
		EE93BE4F24EB7321007445FA /* Base */ = {isa = PBXFileReference; lastKnownFileType = file.storyboard; name = Base; path = Base.lproj/LaunchScreen.storyboard; sourceTree = "<group>"; };
		EE93BE5124EB7321007445FA /* Info.plist */ = {isa = PBXFileReference; lastKnownFileType = text.plist.xml; path = Info.plist; sourceTree = "<group>"; };
		EED3B0F424EC822C0065C9D1 /* GoogleService-Info.plist */ = {isa = PBXFileReference; fileEncoding = 4; lastKnownFileType = text.plist.xml; path = "GoogleService-Info.plist"; sourceTree = "<group>"; };
/* End PBXFileReference section */

/* Begin PBXFrameworksBuildPhase section */
		EE93BE3D24EB731E007445FA /* Frameworks */ = {
			isa = PBXFrameworksBuildPhase;
			buildActionMask = 2147483647;
			files = (
				F0223D106D998726A2C985FB /* Pods_HuzzahPay_Merchant.framework in Frameworks */,
			);
			runOnlyForDeploymentPostprocessing = 0;
		};
/* End PBXFrameworksBuildPhase section */

/* Begin PBXGroup section */
		0A8D8F076CF9B6A747F253DE /* Pods */ = {
			isa = PBXGroup;
			children = (
				705248F5FC3A73893B610CF2 /* Pods-HuzzahPay Merchant.debug.xcconfig */,
				094EC045D678EB18E14A534C /* Pods-HuzzahPay Merchant.release.xcconfig */,
			);
			path = Pods;
			sourceTree = "<group>";
		};
		DCF5905C9320D09041C37E24 /* Frameworks */ = {
			isa = PBXGroup;
			children = (
				51F4846116C83B0E759D7933 /* Pods_HuzzahPay_Merchant.framework */,
			);
			name = Frameworks;
			sourceTree = "<group>";
		};
		EE8E337E24EC834D00B9E3E8 /* Controller */ = {
			isa = PBXGroup;
			children = (
				EE93BE4724EB731E007445FA /* ViewController.swift */,
			);
			path = Controller;
			sourceTree = "<group>";
		};
		EE8E337F24EC835C00B9E3E8 /* View */ = {
			isa = PBXGroup;
			children = (
				EE93BE4924EB731E007445FA /* Main.storyboard */,
				EE93BE4C24EB7321007445FA /* Assets.xcassets */,
				EE93BE4E24EB7321007445FA /* LaunchScreen.storyboard */,
			);
			path = View;
			sourceTree = "<group>";
		};
		EE8E338024EC836100B9E3E8 /* Model */ = {
			isa = PBXGroup;
			children = (
			);
			path = Model;
			sourceTree = "<group>";
		};
		EE8E338124EC836500B9E3E8 /* API */ = {
			isa = PBXGroup;
			children = (
			);
			path = API;
			sourceTree = "<group>";
		};
		EE8E338224EC836800B9E3E8 /* Utils */ = {
			isa = PBXGroup;
			children = (
				EED3B0F424EC822C0065C9D1 /* GoogleService-Info.plist */,
				EE93BE4324EB731E007445FA /* AppDelegate.swift */,
				EE93BE4524EB731E007445FA /* SceneDelegate.swift */,
			);
			path = Utils;
			sourceTree = "<group>";
		};
		EE93BE3724EB731E007445FA = {
			isa = PBXGroup;
			children = (
				EE93BE4224EB731E007445FA /* HuzzahPay Merchant */,
				EE93BE4124EB731E007445FA /* Products */,
				0A8D8F076CF9B6A747F253DE /* Pods */,
				DCF5905C9320D09041C37E24 /* Frameworks */,
			);
			sourceTree = "<group>";
		};
		EE93BE4124EB731E007445FA /* Products */ = {
			isa = PBXGroup;
			children = (
				EE93BE4024EB731E007445FA /* HuzzahPay Merchant.app */,
			);
			name = Products;
			sourceTree = "<group>";
		};
		EE93BE4224EB731E007445FA /* HuzzahPay Merchant */ = {
			isa = PBXGroup;
			children = (
				EE8E338224EC836800B9E3E8 /* Utils */,
				EE8E338124EC836500B9E3E8 /* API */,
				EE8E338024EC836100B9E3E8 /* Model */,
				EE8E337F24EC835C00B9E3E8 /* View */,
				EE8E337E24EC834D00B9E3E8 /* Controller */,
				EE93BE5124EB7321007445FA /* Info.plist */,
			);
			path = "HuzzahPay Merchant";
			sourceTree = "<group>";
		};
/* End PBXGroup section */

/* Begin PBXNativeTarget section */
		EE93BE3F24EB731E007445FA /* HuzzahPay Merchant */ = {
			isa = PBXNativeTarget;
			buildConfigurationList = EE93BE5424EB7321007445FA /* Build configuration list for PBXNativeTarget "HuzzahPay Merchant" */;
			buildPhases = (
				3C0109B8583F23BD34E2D7D9 /* [CP] Check Pods Manifest.lock */,
				EE93BE3C24EB731E007445FA /* Sources */,
				EE93BE3D24EB731E007445FA /* Frameworks */,
				EE93BE3E24EB731E007445FA /* Resources */,
				E04F171DA0019A942253C0EE /* [CP] Embed Pods Frameworks */,
			);
			buildRules = (
			);
			dependencies = (
			);
			name = "HuzzahPay Merchant";
			productName = "HuzzahPay Merchant";
			productReference = EE93BE4024EB731E007445FA /* HuzzahPay Merchant.app */;
			productType = "com.apple.product-type.application";
		};
/* End PBXNativeTarget section */

/* Begin PBXProject section */
		EE93BE3824EB731E007445FA /* Project object */ = {
			isa = PBXProject;
			attributes = {
				LastSwiftUpdateCheck = 1160;
				LastUpgradeCheck = 1160;
				ORGANIZATIONNAME = HuzzahPay;
				TargetAttributes = {
					EE93BE3F24EB731E007445FA = {
						CreatedOnToolsVersion = 11.6;
					};
				};
			};
			buildConfigurationList = EE93BE3B24EB731E007445FA /* Build configuration list for PBXProject "HuzzahPay Merchant" */;
			compatibilityVersion = "Xcode 9.3";
			developmentRegion = en;
			hasScannedForEncodings = 0;
			knownRegions = (
				en,
				Base,
			);
			mainGroup = EE93BE3724EB731E007445FA;
			productRefGroup = EE93BE4124EB731E007445FA /* Products */;
			projectDirPath = "";
			projectRoot = "";
			targets = (
				EE93BE3F24EB731E007445FA /* HuzzahPay Merchant */,
			);
		};
/* End PBXProject section */

/* Begin PBXResourcesBuildPhase section */
		EE93BE3E24EB731E007445FA /* Resources */ = {
			isa = PBXResourcesBuildPhase;
			buildActionMask = 2147483647;
			files = (
				EE93BE5024EB7321007445FA /* LaunchScreen.storyboard in Resources */,
				EED3B0F524EC822C0065C9D1 /* GoogleService-Info.plist in Resources */,
				EE93BE4D24EB7321007445FA /* Assets.xcassets in Resources */,
				EE93BE4B24EB731E007445FA /* Main.storyboard in Resources */,
			);
			runOnlyForDeploymentPostprocessing = 0;
		};
/* End PBXResourcesBuildPhase section */

/* Begin PBXShellScriptBuildPhase section */
		3C0109B8583F23BD34E2D7D9 /* [CP] Check Pods Manifest.lock */ = {
			isa = PBXShellScriptBuildPhase;
			buildActionMask = 2147483647;
			files = (
			);
			inputFileListPaths = (
			);
			inputPaths = (
				"${PODS_PODFILE_DIR_PATH}/Podfile.lock",
				"${PODS_ROOT}/Manifest.lock",
			);
			name = "[CP] Check Pods Manifest.lock";
			outputFileListPaths = (
			);
			outputPaths = (
				"$(DERIVED_FILE_DIR)/Pods-HuzzahPay Merchant-checkManifestLockResult.txt",
			);
			runOnlyForDeploymentPostprocessing = 0;
			shellPath = /bin/sh;
			shellScript = "diff \"${PODS_PODFILE_DIR_PATH}/Podfile.lock\" \"${PODS_ROOT}/Manifest.lock\" > /dev/null\nif [ $? != 0 ] ; then\n    # print error to STDERR\n    echo \"error: The sandbox is not in sync with the Podfile.lock. Run 'pod install' or update your CocoaPods installation.\" >&2\n    exit 1\nfi\n# This output is used by Xcode 'outputs' to avoid re-running this script phase.\necho \"SUCCESS\" > \"${SCRIPT_OUTPUT_FILE_0}\"\n";
			showEnvVarsInLog = 0;
		};
		E04F171DA0019A942253C0EE /* [CP] Embed Pods Frameworks */ = {
			isa = PBXShellScriptBuildPhase;
			buildActionMask = 2147483647;
			files = (
			);
			inputFileListPaths = (
				"${PODS_ROOT}/Target Support Files/Pods-HuzzahPay Merchant/Pods-HuzzahPay Merchant-frameworks-${CONFIGURATION}-input-files.xcfilelist",
			);
			name = "[CP] Embed Pods Frameworks";
			outputFileListPaths = (
				"${PODS_ROOT}/Target Support Files/Pods-HuzzahPay Merchant/Pods-HuzzahPay Merchant-frameworks-${CONFIGURATION}-output-files.xcfilelist",
			);
			runOnlyForDeploymentPostprocessing = 0;
			shellPath = /bin/sh;
			shellScript = "\"${PODS_ROOT}/Target Support Files/Pods-HuzzahPay Merchant/Pods-HuzzahPay Merchant-frameworks.sh\"\n";
			showEnvVarsInLog = 0;
		};
/* End PBXShellScriptBuildPhase section */

/* Begin PBXSourcesBuildPhase section */
		EE93BE3C24EB731E007445FA /* Sources */ = {
			isa = PBXSourcesBuildPhase;
			buildActionMask = 2147483647;
			files = (
				EE93BE4824EB731E007445FA /* ViewController.swift in Sources */,
				EE93BE4424EB731E007445FA /* AppDelegate.swift in Sources */,
				EE93BE4624EB731E007445FA /* SceneDelegate.swift in Sources */,
			);
			runOnlyForDeploymentPostprocessing = 0;
		};
/* End PBXSourcesBuildPhase section */

/* Begin PBXVariantGroup section */
		EE93BE4924EB731E007445FA /* Main.storyboard */ = {
			isa = PBXVariantGroup;
			children = (
				EE93BE4A24EB731E007445FA /* Base */,
			);
			name = Main.storyboard;
			sourceTree = "<group>";
		};
		EE93BE4E24EB7321007445FA /* LaunchScreen.storyboard */ = {
			isa = PBXVariantGroup;
			children = (
				EE93BE4F24EB7321007445FA /* Base */,
			);
			name = LaunchScreen.storyboard;
			sourceTree = "<group>";
		};
/* End PBXVariantGroup section */

/* Begin XCBuildConfiguration section */
		EE93BE5224EB7321007445FA /* Debug */ = {
			isa = XCBuildConfiguration;
			buildSettings = {
				ALWAYS_SEARCH_USER_PATHS = NO;
				CLANG_ANALYZER_NONNULL = YES;
				CLANG_ANALYZER_NUMBER_OBJECT_CONVERSION = YES_AGGRESSIVE;
				CLANG_CXX_LANGUAGE_STANDARD = "gnu++14";
				CLANG_CXX_LIBRARY = "libc++";
				CLANG_ENABLE_MODULES = YES;
				CLANG_ENABLE_OBJC_ARC = YES;
				CLANG_ENABLE_OBJC_WEAK = YES;
				CLANG_WARN_BLOCK_CAPTURE_AUTORELEASING = YES;
				CLANG_WARN_BOOL_CONVERSION = YES;
				CLANG_WARN_COMMA = YES;
				CLANG_WARN_CONSTANT_CONVERSION = YES;
				CLANG_WARN_DEPRECATED_OBJC_IMPLEMENTATIONS = YES;
				CLANG_WARN_DIRECT_OBJC_ISA_USAGE = YES_ERROR;
				CLANG_WARN_DOCUMENTATION_COMMENTS = YES;
				CLANG_WARN_EMPTY_BODY = YES;
				CLANG_WARN_ENUM_CONVERSION = YES;
				CLANG_WARN_INFINITE_RECURSION = YES;
				CLANG_WARN_INT_CONVERSION = YES;
				CLANG_WARN_NON_LITERAL_NULL_CONVERSION = YES;
				CLANG_WARN_OBJC_IMPLICIT_RETAIN_SELF = YES;
				CLANG_WARN_OBJC_LITERAL_CONVERSION = YES;
				CLANG_WARN_OBJC_ROOT_CLASS = YES_ERROR;
				CLANG_WARN_RANGE_LOOP_ANALYSIS = YES;
				CLANG_WARN_STRICT_PROTOTYPES = YES;
				CLANG_WARN_SUSPICIOUS_MOVE = YES;
				CLANG_WARN_UNGUARDED_AVAILABILITY = YES_AGGRESSIVE;
				CLANG_WARN_UNREACHABLE_CODE = YES;
				CLANG_WARN__DUPLICATE_METHOD_MATCH = YES;
				COPY_PHASE_STRIP = NO;
				DEBUG_INFORMATION_FORMAT = dwarf;
				ENABLE_STRICT_OBJC_MSGSEND = YES;
				ENABLE_TESTABILITY = YES;
				GCC_C_LANGUAGE_STANDARD = gnu11;
				GCC_DYNAMIC_NO_PIC = NO;
				GCC_NO_COMMON_BLOCKS = YES;
				GCC_OPTIMIZATION_LEVEL = 0;
				GCC_PREPROCESSOR_DEFINITIONS = (
					"DEBUG=1",
					"$(inherited)",
				);
				GCC_WARN_64_TO_32_BIT_CONVERSION = YES;
				GCC_WARN_ABOUT_RETURN_TYPE = YES_ERROR;
				GCC_WARN_UNDECLARED_SELECTOR = YES;
				GCC_WARN_UNINITIALIZED_AUTOS = YES_AGGRESSIVE;
				GCC_WARN_UNUSED_FUNCTION = YES;
				GCC_WARN_UNUSED_VARIABLE = YES;
				IPHONEOS_DEPLOYMENT_TARGET = 13.6;
				MTL_ENABLE_DEBUG_INFO = INCLUDE_SOURCE;
				MTL_FAST_MATH = YES;
				ONLY_ACTIVE_ARCH = YES;
				SDKROOT = iphoneos;
				SWIFT_ACTIVE_COMPILATION_CONDITIONS = DEBUG;
				SWIFT_OPTIMIZATION_LEVEL = "-Onone";
			};
			name = Debug;
		};
		EE93BE5324EB7321007445FA /* Release */ = {
			isa = XCBuildConfiguration;
			buildSettings = {
				ALWAYS_SEARCH_USER_PATHS = NO;
				CLANG_ANALYZER_NONNULL = YES;
				CLANG_ANALYZER_NUMBER_OBJECT_CONVERSION = YES_AGGRESSIVE;
				CLANG_CXX_LANGUAGE_STANDARD = "gnu++14";
				CLANG_CXX_LIBRARY = "libc++";
				CLANG_ENABLE_MODULES = YES;
				CLANG_ENABLE_OBJC_ARC = YES;
				CLANG_ENABLE_OBJC_WEAK = YES;
				CLANG_WARN_BLOCK_CAPTURE_AUTORELEASING = YES;
				CLANG_WARN_BOOL_CONVERSION = YES;
				CLANG_WARN_COMMA = YES;
				CLANG_WARN_CONSTANT_CONVERSION = YES;
				CLANG_WARN_DEPRECATED_OBJC_IMPLEMENTATIONS = YES;
				CLANG_WARN_DIRECT_OBJC_ISA_USAGE = YES_ERROR;
				CLANG_WARN_DOCUMENTATION_COMMENTS = YES;
				CLANG_WARN_EMPTY_BODY = YES;
				CLANG_WARN_ENUM_CONVERSION = YES;
				CLANG_WARN_INFINITE_RECURSION = YES;
				CLANG_WARN_INT_CONVERSION = YES;
				CLANG_WARN_NON_LITERAL_NULL_CONVERSION = YES;
				CLANG_WARN_OBJC_IMPLICIT_RETAIN_SELF = YES;
				CLANG_WARN_OBJC_LITERAL_CONVERSION = YES;
				CLANG_WARN_OBJC_ROOT_CLASS = YES_ERROR;
				CLANG_WARN_RANGE_LOOP_ANALYSIS = YES;
				CLANG_WARN_STRICT_PROTOTYPES = YES;
				CLANG_WARN_SUSPICIOUS_MOVE = YES;
				CLANG_WARN_UNGUARDED_AVAILABILITY = YES_AGGRESSIVE;
				CLANG_WARN_UNREACHABLE_CODE = YES;
				CLANG_WARN__DUPLICATE_METHOD_MATCH = YES;
				COPY_PHASE_STRIP = NO;
				DEBUG_INFORMATION_FORMAT = "dwarf-with-dsym";
				ENABLE_NS_ASSERTIONS = NO;
				ENABLE_STRICT_OBJC_MSGSEND = YES;
				GCC_C_LANGUAGE_STANDARD = gnu11;
				GCC_NO_COMMON_BLOCKS = YES;
				GCC_WARN_64_TO_32_BIT_CONVERSION = YES;
				GCC_WARN_ABOUT_RETURN_TYPE = YES_ERROR;
				GCC_WARN_UNDECLARED_SELECTOR = YES;
				GCC_WARN_UNINITIALIZED_AUTOS = YES_AGGRESSIVE;
				GCC_WARN_UNUSED_FUNCTION = YES;
				GCC_WARN_UNUSED_VARIABLE = YES;
				IPHONEOS_DEPLOYMENT_TARGET = 13.6;
				MTL_ENABLE_DEBUG_INFO = NO;
				MTL_FAST_MATH = YES;
				SDKROOT = iphoneos;
				SWIFT_COMPILATION_MODE = wholemodule;
				SWIFT_OPTIMIZATION_LEVEL = "-O";
				VALIDATE_PRODUCT = YES;
			};
			name = Release;
		};
		EE93BE5524EB7321007445FA /* Debug */ = {
			isa = XCBuildConfiguration;
			baseConfigurationReference = 705248F5FC3A73893B610CF2 /* Pods-HuzzahPay Merchant.debug.xcconfig */;
			buildSettings = {
				ASSETCATALOG_COMPILER_APPICON_NAME = AppIcon;
				CODE_SIGN_STYLE = Automatic;
				INFOPLIST_FILE = "HuzzahPay Merchant/Info.plist";
				LD_RUNPATH_SEARCH_PATHS = (
					"$(inherited)",
					"@executable_path/Frameworks",
				);
				PRODUCT_BUNDLE_IDENTIFIER = "com.huzzahpay.HuzzahPay-Merchant";
				PRODUCT_NAME = "$(TARGET_NAME)";
				SWIFT_VERSION = 5.0;
				TARGETED_DEVICE_FAMILY = 2;
			};
			name = Debug;
		};
		EE93BE5624EB7321007445FA /* Release */ = {
			isa = XCBuildConfiguration;
			baseConfigurationReference = 094EC045D678EB18E14A534C /* Pods-HuzzahPay Merchant.release.xcconfig */;
			buildSettings = {
				ASSETCATALOG_COMPILER_APPICON_NAME = AppIcon;
				CODE_SIGN_STYLE = Automatic;
				INFOPLIST_FILE = "HuzzahPay Merchant/Info.plist";
				LD_RUNPATH_SEARCH_PATHS = (
					"$(inherited)",
					"@executable_path/Frameworks",
				);
				PRODUCT_BUNDLE_IDENTIFIER = "com.huzzahpay.HuzzahPay-Merchant";
				PRODUCT_NAME = "$(TARGET_NAME)";
				SWIFT_VERSION = 5.0;
				TARGETED_DEVICE_FAMILY = 2;
			};
			name = Release;
		};
/* End XCBuildConfiguration section */

/* Begin XCConfigurationList section */
		EE93BE3B24EB731E007445FA /* Build configuration list for PBXProject "HuzzahPay Merchant" */ = {
			isa = XCConfigurationList;
			buildConfigurations = (
				EE93BE5224EB7321007445FA /* Debug */,
				EE93BE5324EB7321007445FA /* Release */,
			);
			defaultConfigurationIsVisible = 0;
			defaultConfigurationName = Release;
		};
		EE93BE5424EB7321007445FA /* Build configuration list for PBXNativeTarget "HuzzahPay Merchant" */ = {
			isa = XCConfigurationList;
			buildConfigurations = (
				EE93BE5524EB7321007445FA /* Debug */,
				EE93BE5624EB7321007445FA /* Release */,
			);
			defaultConfigurationIsVisible = 0;
			defaultConfigurationName = Release;
		};
/* End XCConfigurationList section */
	};
	rootObject = EE93BE3824EB731E007445FA /* Project object */;
}
